
Microsoft Visual Studio Solution File, Format Version 12.00
# Visual Studio Version 16
VisualStudioVersion = 16.0.30804.86
MinimumVisualStudioVersion = 10.0.40219.1
Project("{8BC9CEB8-8B4A-11D0-8D11-00A0C91BC942}") = "CreateProcess", "CreateProcess\CreateProcess.vcxproj", "{8B365453-EC9B-447B-8F5D-B28A0508542F}"
EndProject
Project("{8BC9CEB8-8B4A-11D0-8D11-00A0C91BC942}") = "SimpleLibrary", "SimpleLibrary\SimpleLibrary.vcxproj", "{06146A99-11DB-434B-92A8-56F8153E6A0E}"
EndProject
Project("{8BC9CEB8-8B4A-11D0-8D11-00A0C91BC942}") = "SimpleTest", "SimpleTest\SimpleTest.vcxproj", "{D003B867-4477-4B3A-BF2B-FBD64B385588}"
EndProject
Project("{8BC9CEB8-8B4A-11D0-8D11-00A0C91BC942}") = "SimpleTest2", "SimpleTest2\SimpleTest2.vcxproj", "{25ED8AAA-842E-458A-8396-3288CF5BAEDB}"
EndProject
Project("{8BC9CEB8-8B4A-11D0-8D11-00A0C91BC942}") = "Kill", "Kill\Kill.vcxproj", "{2D55DF59-5DC1-49E0-AA44-BD95E9C648CE}"
EndProject
Project("{8BC9CEB8-8B4A-11D0-8D11-00A0C91BC942}") = "CpuLimit", "CpuLimit\CpuLimit.vcxproj", "{429F1A4E-5CFE-4A64-8AF0-D5A5F154E84D}"
EndProject
Project("{8BC9CEB8-8B4A-11D0-8D11-00A0C91BC942}") = "Threads", "Threads\Threads.vcxproj", "{D5AC780D-6BD3-45C0-BE12-0D6CB1B59370}"
EndProject
Project("{8BC9CEB8-8B4A-11D0-8D11-00A0C91BC942}") = "Primes", "Primes\Primes.vcxproj", "{2888DA16-4364-4458-900D-B960A68FA7B4}"
EndProject
Project("{8BC9CEB8-8B4A-11D0-8D11-00A0C91BC942}") = "Memory", "Memory\Memory.vcxproj", "{5C1968BF-3CF7-47A5-92AA-91A95E9D27EA}"
EndProject
Project("{8BC9CEB8-8B4A-11D0-8D11-00A0C91BC942}") = "Heaps", "Heaps\Heaps.vcxproj", "{20DEA0D9-B064-4179-9406-14AF8B185B81}"
EndProject
Project("{8BC9CEB8-8B4A-11D0-8D11-00A0C91BC942}") = "MfcProject", "MfcProject\MfcProject.vcxproj", "{8BE0FCD6-7AAF-4F36-95FB-8A317AF76726}"
EndProject
Project("{8BC9CEB8-8B4A-11D0-8D11-00A0C91BC942}") = "InjectedDll", "InjectedDll\InjectedDll.vcxproj", "{6B5ECFEA-EB2A-43D7-AE3B-10530FE21D96}"
EndProject
Project("{8BC9CEB8-8B4A-11D0-8D11-00A0C91BC942}") = "Injector", "Injector\Injector.vcxproj", "{8F4424F7-DA21-48B6-A680-687A9E44C946}"
EndProject
Project("{8BC9CEB8-8B4A-11D0-8D11-00A0C91BC942}") = "MaxHandles", "MaxHandles\MaxHandles.vcxproj", "{0D17C479-5AE1-48CD-AB77-337179AE65D6}"
EndProject
Global
	GlobalSection(SolutionConfigurationPlatforms) = preSolution
		Debug|x64 = Debug|x64
		Debug|x86 = Debug|x86
		Release|x64 = Release|x64
		Release|x86 = Release|x86
	EndGlobalSection
	GlobalSection(ProjectConfigurationPlatforms) = postSolution
		{8B365453-EC9B-447B-8F5D-B28A0508542F}.Debug|x64.ActiveCfg = Debug|x64
		{8B365453-EC9B-447B-8F5D-B28A0508542F}.Debug|x64.Build.0 = Debug|x64
		{8B365453-EC9B-447B-8F5D-B28A0508542F}.Debug|x86.ActiveCfg = Debug|Win32
		{8B365453-EC9B-447B-8F5D-B28A0508542F}.Debug|x86.Build.0 = Debug|Win32
		{8B365453-EC9B-447B-8F5D-B28A0508542F}.Release|x64.ActiveCfg = Release|x64
		{8B365453-EC9B-447B-8F5D-B28A0508542F}.Release|x64.Build.0 = Release|x64
		{8B365453-EC9B-447B-8F5D-B28A0508542F}.Release|x86.ActiveCfg = Release|Win32
		{8B365453-EC9B-447B-8F5D-B28A0508542F}.Release|x86.Build.0 = Release|Win32
		{06146A99-11DB-434B-92A8-56F8153E6A0E}.Debug|x64.ActiveCfg = Debug|x64
		{06146A99-11DB-434B-92A8-56F8153E6A0E}.Debug|x64.Build.0 = Debug|x64
		{06146A99-11DB-434B-92A8-56F8153E6A0E}.Debug|x86.ActiveCfg = Debug|Win32
		{06146A99-11DB-434B-92A8-56F8153E6A0E}.Debug|x86.Build.0 = Debug|Win32
		{06146A99-11DB-434B-92A8-56F8153E6A0E}.Release|x64.ActiveCfg = Release|x64
		{06146A99-11DB-434B-92A8-56F8153E6A0E}.Release|x64.Build.0 = Release|x64
		{06146A99-11DB-434B-92A8-56F8153E6A0E}.Release|x86.ActiveCfg = Release|Win32
		{06146A99-11DB-434B-92A8-56F8153E6A0E}.Release|x86.Build.0 = Release|Win32
		{D003B867-4477-4B3A-BF2B-FBD64B385588}.Debug|x64.ActiveCfg = Debug|x64
		{D003B867-4477-4B3A-BF2B-FBD64B385588}.Debug|x64.Build.0 = Debug|x64
		{D003B867-4477-4B3A-BF2B-FBD64B385588}.Debug|x86.ActiveCfg = Debug|Win32
		{D003B867-4477-4B3A-BF2B-FBD64B385588}.Debug|x86.Build.0 = Debug|Win32
		{D003B867-4477-4B3A-BF2B-FBD64B385588}.Release|x64.ActiveCfg = Release|x64
		{D003B867-4477-4B3A-BF2B-FBD64B385588}.Release|x64.Build.0 = Release|x64
		{D003B867-4477-4B3A-BF2B-FBD64B385588}.Release|x86.ActiveCfg = Release|Win32
		{D003B867-4477-4B3A-BF2B-FBD64B385588}.Release|x86.Build.0 = Release|Win32
		{25ED8AAA-842E-458A-8396-3288CF5BAEDB}.Debug|x64.ActiveCfg = Debug|x64
		{25ED8AAA-842E-458A-8396-3288CF5BAEDB}.Debug|x64.Build.0 = Debug|x64
		{25ED8AAA-842E-458A-8396-3288CF5BAEDB}.Debug|x86.ActiveCfg = Debug|Win32
		{25ED8AAA-842E-458A-8396-3288CF5BAEDB}.Debug|x86.Build.0 = Debug|Win32
		{25ED8AAA-842E-458A-8396-3288CF5BAEDB}.Release|x64.ActiveCfg = Release|x64
		{25ED8AAA-842E-458A-8396-3288CF5BAEDB}.Release|x64.Build.0 = Release|x64
		{25ED8AAA-842E-458A-8396-3288CF5BAEDB}.Release|x86.ActiveCfg = Release|Win32
		{25ED8AAA-842E-458A-8396-3288CF5BAEDB}.Release|x86.Build.0 = Release|Win32
		{2D55DF59-5DC1-49E0-AA44-BD95E9C648CE}.Debug|x64.ActiveCfg = Debug|x64
		{2D55DF59-5DC1-49E0-AA44-BD95E9C648CE}.Debug|x64.Build.0 = Debug|x64
		{2D55DF59-5DC1-49E0-AA44-BD95E9C648CE}.Debug|x86.ActiveCfg = Debug|Win32
		{2D55DF59-5DC1-49E0-AA44-BD95E9C648CE}.Debug|x86.Build.0 = Debug|Win32
		{2D55DF59-5DC1-49E0-AA44-BD95E9C648CE}.Release|x64.ActiveCfg = Release|x64
		{2D55DF59-5DC1-49E0-AA44-BD95E9C648CE}.Release|x64.Build.0 = Release|x64
		{2D55DF59-5DC1-49E0-AA44-BD95E9C648CE}.Release|x86.ActiveCfg = Release|Win32
		{2D55DF59-5DC1-49E0-AA44-BD95E9C648CE}.Release|x86.Build.0 = Release|Win32
		{429F1A4E-5CFE-4A64-8AF0-D5A5F154E84D}.Debug|x64.ActiveCfg = Debug|x64
		{429F1A4E-5CFE-4A64-8AF0-D5A5F154E84D}.Debug|x64.Build.0 = Debug|x64
		{429F1A4E-5CFE-4A64-8AF0-D5A5F154E84D}.Debug|x86.ActiveCfg = Debug|Win32
		{429F1A4E-5CFE-4A64-8AF0-D5A5F154E84D}.Debug|x86.Build.0 = Debug|Win32
		{429F1A4E-5CFE-4A64-8AF0-D5A5F154E84D}.Release|x64.ActiveCfg = Release|x64
		{429F1A4E-5CFE-4A64-8AF0-D5A5F154E84D}.Release|x64.Build.0 = Release|x64
		{429F1A4E-5CFE-4A64-8AF0-D5A5F154E84D}.Release|x86.ActiveCfg = Release|Win32
		{429F1A4E-5CFE-4A64-8AF0-D5A5F154E84D}.Release|x86.Build.0 = Release|Win32
		{D5AC780D-6BD3-45C0-BE12-0D6CB1B59370}.Debug|x64.ActiveCfg = Debug|x64
		{D5AC780D-6BD3-45C0-BE12-0D6CB1B59370}.Debug|x64.Build.0 = Debug|x64
		{D5AC780D-6BD3-45C0-BE12-0D6CB1B59370}.Debug|x86.ActiveCfg = Debug|Win32
		{D5AC780D-6BD3-45C0-BE12-0D6CB1B59370}.Debug|x86.Build.0 = Debug|Win32
		{D5AC780D-6BD3-45C0-BE12-0D6CB1B59370}.Release|x64.ActiveCfg = Release|x64
		{D5AC780D-6BD3-45C0-BE12-0D6CB1B59370}.Release|x64.Build.0 = Release|x64
		{D5AC780D-6BD3-45C0-BE12-0D6CB1B59370}.Release|x86.ActiveCfg = Release|Win32
		{D5AC780D-6BD3-45C0-BE12-0D6CB1B59370}.Release|x86.Build.0 = Release|Win32
		{2888DA16-4364-4458-900D-B960A68FA7B4}.Debug|x64.ActiveCfg = Debug|x64
		{2888DA16-4364-4458-900D-B960A68FA7B4}.Debug|x64.Build.0 = Debug|x64
		{2888DA16-4364-4458-900D-B960A68FA7B4}.Debug|x86.ActiveCfg = Debug|Win32
		{2888DA16-4364-4458-900D-B960A68FA7B4}.Debug|x86.Build.0 = Debug|Win32
		{2888DA16-4364-4458-900D-B960A68FA7B4}.Release|x64.ActiveCfg = Release|x64
		{2888DA16-4364-4458-900D-B960A68FA7B4}.Release|x64.Build.0 = Release|x64
		{2888DA16-4364-4458-900D-B960A68FA7B4}.Release|x86.ActiveCfg = Release|Win32
		{2888DA16-4364-4458-900D-B960A68FA7B4}.Release|x86.Build.0 = Release|Win32
		{5C1968BF-3CF7-47A5-92AA-91A95E9D27EA}.Debug|x64.ActiveCfg = Debug|x64
		{5C1968BF-3CF7-47A5-92AA-91A95E9D27EA}.Debug|x64.Build.0 = Debug|x64
		{5C1968BF-3CF7-47A5-92AA-91A95E9D27EA}.Debug|x86.ActiveCfg = Debug|Win32
		{5C1968BF-3CF7-47A5-92AA-91A95E9D27EA}.Debug|x86.Build.0 = Debug|Win32
		{5C1968BF-3CF7-47A5-92AA-91A95E9D27EA}.Release|x64.ActiveCfg = Release|x64
		{5C1968BF-3CF7-47A5-92AA-91A95E9D27EA}.Release|x64.Build.0 = Release|x64
		{5C1968BF-3CF7-47A5-92AA-91A95E9D27EA}.Release|x86.ActiveCfg = Release|Win32
		{5C1968BF-3CF7-47A5-92AA-91A95E9D27EA}.Release|x86.Build.0 = Release|Win32
		{20DEA0D9-B064-4179-9406-14AF8B185B81}.Debug|x64.ActiveCfg = Debug|x64
		{20DEA0D9-B064-4179-9406-14AF8B185B81}.Debug|x64.Build.0 = Debug|x64
		{20DEA0D9-B064-4179-9406-14AF8B185B81}.Debug|x86.ActiveCfg = Debug|Win32
		{20DEA0D9-B064-4179-9406-14AF8B185B81}.Debug|x86.Build.0 = Debug|Win32
		{20DEA0D9-B064-4179-9406-14AF8B185B81}.Release|x64.ActiveCfg = Release|x64
		{20DEA0D9-B064-4179-9406-14AF8B185B81}.Release|x64.Build.0 = Release|x64
		{20DEA0D9-B064-4179-9406-14AF8B185B81}.Release|x86.ActiveCfg = Release|Win32
		{20DEA0D9-B064-4179-9406-14AF8B185B81}.Release|x86.Build.0 = Release|Win32
		{8BE0FCD6-7AAF-4F36-95FB-8A317AF76726}.Debug|x64.ActiveCfg = Debug|x64
		{8BE0FCD6-7AAF-4F36-95FB-8A317AF76726}.Debug|x64.Build.0 = Debug|x64
		{8BE0FCD6-7AAF-4F36-95FB-8A317AF76726}.Debug|x86.ActiveCfg = Debug|Win32
		{8BE0FCD6-7AAF-4F36-95FB-8A317AF76726}.Debug|x86.Build.0 = Debug|Win32
		{8BE0FCD6-7AAF-4F36-95FB-8A317AF76726}.Release|x64.ActiveCfg = Release|x64
		{8BE0FCD6-7AAF-4F36-95FB-8A317AF76726}.Release|x64.Build.0 = Release|x64
		{8BE0FCD6-7AAF-4F36-95FB-8A317AF76726}.Release|x86.ActiveCfg = Release|Win32
		{8BE0FCD6-7AAF-4F36-95FB-8A317AF76726}.Release|x86.Build.0 = Release|Win32
		{6B5ECFEA-EB2A-43D7-AE3B-10530FE21D96}.Debug|x64.ActiveCfg = Debug|x64
		{6B5ECFEA-EB2A-43D7-AE3B-10530FE21D96}.Debug|x64.Build.0 = Debug|x64
		{6B5ECFEA-EB2A-43D7-AE3B-10530FE21D96}.Debug|x86.ActiveCfg = Debug|Win32
		{6B5ECFEA-EB2A-43D7-AE3B-10530FE21D96}.Debug|x86.Build.0 = Debug|Win32
		{6B5ECFEA-EB2A-43D7-AE3B-10530FE21D96}.Release|x64.ActiveCfg = Release|x64
		{6B5ECFEA-EB2A-43D7-AE3B-10530FE21D96}.Release|x64.Build.0 = Release|x64
		{6B5ECFEA-EB2A-43D7-AE3B-10530FE21D96}.Release|x86.ActiveCfg = Release|Win32
		{6B5ECFEA-EB2A-43D7-AE3B-10530FE21D96}.Release|x86.Build.0 = Release|Win32
		{8F4424F7-DA21-48B6-A680-687A9E44C946}.Debug|x64.ActiveCfg = Debug|x64
		{8F4424F7-DA21-48B6-A680-687A9E44C946}.Debug|x64.Build.0 = Debug|x64
		{8F4424F7-DA21-48B6-A680-687A9E44C946}.Debug|x86.ActiveCfg = Debug|Win32
		{8F4424F7-DA21-48B6-A680-687A9E44C946}.Debug|x86.Build.0 = Debug|Win32
		{8F4424F7-DA21-48B6-A680-687A9E44C946}.Release|x64.ActiveCfg = Release|x64
		{8F4424F7-DA21-48B6-A680-687A9E44C946}.Release|x64.Build.0 = Release|x64
		{8F4424F7-DA21-48B6-A680-687A9E44C946}.Release|x86.ActiveCfg = Release|Win32
		{8F4424F7-DA21-48B6-A680-687A9E44C946}.Release|x86.Build.0 = Release|Win32
		{0D17C479-5AE1-48CD-AB77-337179AE65D6}.Debug|x64.ActiveCfg = Debug|x64
		{0D17C479-5AE1-48CD-AB77-337179AE65D6}.Debug|x64.Build.0 = Debug|x64
		{0D17C479-5AE1-48CD-AB77-337179AE65D6}.Debug|x86.ActiveCfg = Debug|Win32
		{0D17C479-5AE1-48CD-AB77-337179AE65D6}.Debug|x86.Build.0 = Debug|Win32
		{0D17C479-5AE1-48CD-AB77-337179AE65D6}.Release|x64.ActiveCfg = Release|x64
		{0D17C479-5AE1-48CD-AB77-337179AE65D6}.Release|x64.Build.0 = Release|x64
		{0D17C479-5AE1-48CD-AB77-337179AE65D6}.Release|x86.ActiveCfg = Release|Win32
		{0D17C479-5AE1-48CD-AB77-337179AE65D6}.Release|x86.Build.0 = Release|Win32
	EndGlobalSection
	GlobalSection(SolutionProperties) = preSolution
		HideSolutionNode = FALSE
	EndGlobalSection
	GlobalSection(ExtensibilityGlobals) = postSolution
		SolutionGuid = {522C3B51-3361-4B2D-A904-49182B5DE22A}
	EndGlobalSection
EndGlobal
